
Microsoft Visual Studio Solution File, Format Version 12.00
# Visual Studio 14
VisualStudioVersion = 14.0.23107.0
MinimumVisualStudioVersion = 10.0.40219.1
Project("{FAE04EC0-301F-11D3-BF4B-00C04F79EFBC}") = "AirportIQ.IWS.Service.Web", "AirportIQ.IWS.Service.Web\AirportIQ.IWS.Service.Web.csproj", "{7FDE55FE-291B-4D75-8761-E983D1356744}"
EndProject
Project("{FAE04EC0-301F-11D3-BF4B-00C04F79EFBC}") = "AirportIQ.IWS.Service.API", "..\AirportIQ.IWS.Service.API\AirportIQ.IWS.Service.API.csproj", "{A15D4FDB-D4D6-4759-BE60-4BFC85CB4A29}"
	ProjectSection(ProjectDependencies) = postProject
		{7FDE55FE-291B-4D75-8761-E983D1356744} = {7FDE55FE-291B-4D75-8761-E983D1356744}
	EndProjectSection
EndProject
Project("{2150E333-8FDC-42A3-9474-1A3956D46DE8}") = ".nuget", ".nuget", "{AC07B45C-BD47-4A10-BE04-D9A681DBD74E}"
	ProjectSection(SolutionItems) = preProject
		.nuget\NuGet.Config = .nuget\NuGet.Config
		.nuget\nuget.exe = .nuget\nuget.exe
		.nuget\NuGet.targets = .nuget\NuGet.targets
	EndProjectSection
EndProject
Project("{FAE04EC0-301F-11D3-BF4B-00C04F79EFBC}") = "AirportIQ.Data", "..\AirportIQ.Data\AirportIQ.Data.csproj", "{B5276F2B-EDA3-41CE-B508-EED82A19DC69}"
EndProject
Project("{FAE04EC0-301F-11D3-BF4B-00C04F79EFBC}") = "AirportIQ.Data.SqlServer", "..\AirportIQ.Data.SqlServer\AirportIQ.Data.SqlServer.csproj", "{9FFAB719-2D17-465F-8177-D9A941CA7B61}"
EndProject
Project("{FAE04EC0-301F-11D3-BF4B-00C04F79EFBC}") = "AirportIQ.Domain", "..\AirportIQ.Domain\AirportIQ.Domain.csproj", "{BFC8FB7C-7341-46E4-8AAE-F1482A47D5F3}"
EndProject
Project("{FAE04EC0-301F-11D3-BF4B-00C04F79EFBC}") = "AirportIQ.Model", "..\AirportIQ.Model\AirportIQ.Model.csproj", "{0B8488E5-10B1-4A6F-AA79-9051596A3041}"
EndProject
Project("{FAE04EC0-301F-11D3-BF4B-00C04F79EFBC}") = "AirportIQ.IWS.TestForm", "AirportIQ.IWS.TestForm\AirportIQ.IWS.TestForm.csproj", "{1118E1B8-7DFD-48F4-AE7F-2F3ABAF306C9}"
	ProjectSection(ProjectDependencies) = postProject
		{7FDE55FE-291B-4D75-8761-E983D1356744} = {7FDE55FE-291B-4D75-8761-E983D1356744}
	EndProjectSection
EndProject
Project("{2150E333-8FDC-42A3-9474-1A3956D46DE8}") = "Solution Items", "Solution Items", "{AB630B32-B98E-45EC-94D2-27A9B4C90AF3}"
	ProjectSection(SolutionItems) = preProject
		AirportIQ.IWS.Service.Web.vsmdi = AirportIQ.IWS.Service.Web.vsmdi
		Local.testsettings = Local.testsettings
		TraceAndTestImpact.testsettings = TraceAndTestImpact.testsettings
	EndProjectSection
EndProject
Project("{FAE04EC0-301F-11D3-BF4B-00C04F79EFBC}") = "ISBWrapper", "..\Misc\ISBWrapper\ISBWrapper.csproj", "{2A64B46A-E857-453C-A14E-35EF225247D1}"
EndProject
Global
	GlobalSection(SolutionConfigurationPlatforms) = preSolution
		Debug|Any CPU = Debug|Any CPU
		Debug|Mixed Platforms = Debug|Mixed Platforms
		Debug|x86 = Debug|x86
		Release|Any CPU = Release|Any CPU
		Release|Mixed Platforms = Release|Mixed Platforms
		Release|x86 = Release|x86
	EndGlobalSection
	GlobalSection(ProjectConfigurationPlatforms) = postSolution
		{7FDE55FE-291B-4D75-8761-E983D1356744}.Debug|Any CPU.ActiveCfg = Debug|Any CPU
		{7FDE55FE-291B-4D75-8761-E983D1356744}.Debug|Any CPU.Build.0 = Debug|Any CPU
		{7FDE55FE-291B-4D75-8761-E983D1356744}.Debug|Mixed Platforms.ActiveCfg = Debug|Any CPU
		{7FDE55FE-291B-4D75-8761-E983D1356744}.Debug|Mixed Platforms.Build.0 = Debug|Any CPU
		{7FDE55FE-291B-4D75-8761-E983D1356744}.Debug|x86.ActiveCfg = Debug|Any CPU
		{7FDE55FE-291B-4D75-8761-E983D1356744}.Release|Any CPU.ActiveCfg = Release|Any CPU
		{7FDE55FE-291B-4D75-8761-E983D1356744}.Release|Any CPU.Build.0 = Release|Any CPU
		{7FDE55FE-291B-4D75-8761-E983D1356744}.Release|Mixed Platforms.ActiveCfg = Release|Any CPU
		{7FDE55FE-291B-4D75-8761-E983D1356744}.Release|Mixed Platforms.Build.0 = Release|Any CPU
		{7FDE55FE-291B-4D75-8761-E983D1356744}.Release|x86.ActiveCfg = Release|Any CPU
		{A15D4FDB-D4D6-4759-BE60-4BFC85CB4A29}.Debug|Any CPU.ActiveCfg = Debug|Any CPU
		{A15D4FDB-D4D6-4759-BE60-4BFC85CB4A29}.Debug|Any CPU.Build.0 = Debug|Any CPU
		{A15D4FDB-D4D6-4759-BE60-4BFC85CB4A29}.Debug|Mixed Platforms.ActiveCfg = Debug|Any CPU
		{A15D4FDB-D4D6-4759-BE60-4BFC85CB4A29}.Debug|Mixed Platforms.Build.0 = Debug|Any CPU
		{A15D4FDB-D4D6-4759-BE60-4BFC85CB4A29}.Debug|x86.ActiveCfg = Debug|Any CPU
		{A15D4FDB-D4D6-4759-BE60-4BFC85CB4A29}.Release|Any CPU.ActiveCfg = Release|Any CPU
		{A15D4FDB-D4D6-4759-BE60-4BFC85CB4A29}.Release|Any CPU.Build.0 = Release|Any CPU
		{A15D4FDB-D4D6-4759-BE60-4BFC85CB4A29}.Release|Mixed Platforms.ActiveCfg = Release|Any CPU
		{A15D4FDB-D4D6-4759-BE60-4BFC85CB4A29}.Release|Mixed Platforms.Build.0 = Release|Any CPU
		{A15D4FDB-D4D6-4759-BE60-4BFC85CB4A29}.Release|x86.ActiveCfg = Release|Any CPU
		{B5276F2B-EDA3-41CE-B508-EED82A19DC69}.Debug|Any CPU.ActiveCfg = Debug|Any CPU
		{B5276F2B-EDA3-41CE-B508-EED82A19DC69}.Debug|Any CPU.Build.0 = Debug|Any CPU
		{B5276F2B-EDA3-41CE-B508-EED82A19DC69}.Debug|Mixed Platforms.ActiveCfg = Debug|Any CPU
		{B5276F2B-EDA3-41CE-B508-EED82A19DC69}.Debug|Mixed Platforms.Build.0 = Debug|Any CPU
		{B5276F2B-EDA3-41CE-B508-EED82A19DC69}.Debug|x86.ActiveCfg = Debug|Any CPU
		{B5276F2B-EDA3-41CE-B508-EED82A19DC69}.Release|Any CPU.ActiveCfg = Release|Any CPU
		{B5276F2B-EDA3-41CE-B508-EED82A19DC69}.Release|Any CPU.Build.0 = Release|Any CPU
		{B5276F2B-EDA3-41CE-B508-EED82A19DC69}.Release|Mixed Platforms.ActiveCfg = Release|Any CPU
		{B5276F2B-EDA3-41CE-B508-EED82A19DC69}.Release|Mixed Platforms.Build.0 = Release|Any CPU
		{B5276F2B-EDA3-41CE-B508-EED82A19DC69}.Release|x86.ActiveCfg = Release|Any CPU
		{9FFAB719-2D17-465F-8177-D9A941CA7B61}.Debug|Any CPU.ActiveCfg = Debug|Any CPU
		{9FFAB719-2D17-465F-8177-D9A941CA7B61}.Debug|Any CPU.Build.0 = Debug|Any CPU
		{9FFAB719-2D17-465F-8177-D9A941CA7B61}.Debug|Mixed Platforms.ActiveCfg = Debug|Any CPU
		{9FFAB719-2D17-465F-8177-D9A941CA7B61}.Debug|Mixed Platforms.Build.0 = Debug|Any CPU
		{9FFAB719-2D17-465F-8177-D9A941CA7B61}.Debug|x86.ActiveCfg = Debug|Any CPU
		{9FFAB719-2D17-465F-8177-D9A941CA7B61}.Release|Any CPU.ActiveCfg = Release|Any CPU
		{9FFAB719-2D17-465F-8177-D9A941CA7B61}.Release|Any CPU.Build.0 = Release|Any CPU
		{9FFAB719-2D17-465F-8177-D9A941CA7B61}.Release|Mixed Platforms.ActiveCfg = Release|Any CPU
		{9FFAB719-2D17-465F-8177-D9A941CA7B61}.Release|Mixed Platforms.Build.0 = Release|Any CPU
		{9FFAB719-2D17-465F-8177-D9A941CA7B61}.Release|x86.ActiveCfg = Release|Any CPU
		{BFC8FB7C-7341-46E4-8AAE-F1482A47D5F3}.Debug|Any CPU.ActiveCfg = Debug|Any CPU
		{BFC8FB7C-7341-46E4-8AAE-F1482A47D5F3}.Debug|Any CPU.Build.0 = Debug|Any CPU
		{BFC8FB7C-7341-46E4-8AAE-F1482A47D5F3}.Debug|Mixed Platforms.ActiveCfg = Debug|Any CPU
		{BFC8FB7C-7341-46E4-8AAE-F1482A47D5F3}.Debug|Mixed Platforms.Build.0 = Debug|Any CPU
		{BFC8FB7C-7341-46E4-8AAE-F1482A47D5F3}.Debug|x86.ActiveCfg = Debug|Any CPU
		{BFC8FB7C-7341-46E4-8AAE-F1482A47D5F3}.Release|Any CPU.ActiveCfg = Release|Any CPU
		{BFC8FB7C-7341-46E4-8AAE-F1482A47D5F3}.Release|Any CPU.Build.0 = Release|Any CPU
		{BFC8FB7C-7341-46E4-8AAE-F1482A47D5F3}.Release|Mixed Platforms.ActiveCfg = Release|Any CPU
		{BFC8FB7C-7341-46E4-8AAE-F1482A47D5F3}.Release|Mixed Platforms.Build.0 = Release|Any CPU
		{BFC8FB7C-7341-46E4-8AAE-F1482A47D5F3}.Release|x86.ActiveCfg = Release|Any CPU
		{0B8488E5-10B1-4A6F-AA79-9051596A3041}.Debug|Any CPU.ActiveCfg = Debug|Any CPU
		{0B8488E5-10B1-4A6F-AA79-9051596A3041}.Debug|Any CPU.Build.0 = Debug|Any CPU
		{0B8488E5-10B1-4A6F-AA79-9051596A3041}.Debug|Mixed Platforms.ActiveCfg = Debug|Any CPU
		{0B8488E5-10B1-4A6F-AA79-9051596A3041}.Debug|Mixed Platforms.Build.0 = Debug|Any CPU
		{0B8488E5-10B1-4A6F-AA79-9051596A3041}.Debug|x86.ActiveCfg = Debug|Any CPU
		{0B8488E5-10B1-4A6F-AA79-9051596A3041}.Release|Any CPU.ActiveCfg = Release|Any CPU
		{0B8488E5-10B1-4A6F-AA79-9051596A3041}.Release|Any CPU.Build.0 = Release|Any CPU
		{0B8488E5-10B1-4A6F-AA79-9051596A3041}.Release|Mixed Platforms.ActiveCfg = Release|Any CPU
		{0B8488E5-10B1-4A6F-AA79-9051596A3041}.Release|Mixed Platforms.Build.0 = Release|Any CPU
		{0B8488E5-10B1-4A6F-AA79-9051596A3041}.Release|x86.ActiveCfg = Release|Any CPU
		{1118E1B8-7DFD-48F4-AE7F-2F3ABAF306C9}.Debug|Any CPU.ActiveCfg = Debug|x86
		{1118E1B8-7DFD-48F4-AE7F-2F3ABAF306C9}.Debug|Mixed Platforms.ActiveCfg = Debug|x86
		{1118E1B8-7DFD-48F4-AE7F-2F3ABAF306C9}.Debug|Mixed Platforms.Build.0 = Debug|x86
		{1118E1B8-7DFD-48F4-AE7F-2F3ABAF306C9}.Debug|x86.ActiveCfg = Debug|x86
		{1118E1B8-7DFD-48F4-AE7F-2F3ABAF306C9}.Debug|x86.Build.0 = Debug|x86
		{1118E1B8-7DFD-48F4-AE7F-2F3ABAF306C9}.Release|Any CPU.ActiveCfg = Release|x86
		{1118E1B8-7DFD-48F4-AE7F-2F3ABAF306C9}.Release|Mixed Platforms.ActiveCfg = Release|x86
		{1118E1B8-7DFD-48F4-AE7F-2F3ABAF306C9}.Release|Mixed Platforms.Build.0 = Release|x86
		{1118E1B8-7DFD-48F4-AE7F-2F3ABAF306C9}.Release|x86.ActiveCfg = Release|x86
		{1118E1B8-7DFD-48F4-AE7F-2F3ABAF306C9}.Release|x86.Build.0 = Release|x86
		{2A64B46A-E857-453C-A14E-35EF225247D1}.Debug|Any CPU.ActiveCfg = Debug|Any CPU
		{2A64B46A-E857-453C-A14E-35EF225247D1}.Debug|Any CPU.Build.0 = Debug|Any CPU
		{2A64B46A-E857-453C-A14E-35EF225247D1}.Debug|Mixed Platforms.ActiveCfg = Debug|Any CPU
		{2A64B46A-E857-453C-A14E-35EF225247D1}.Debug|Mixed Platforms.Build.0 = Debug|Any CPU
		{2A64B46A-E857-453C-A14E-35EF225247D1}.Debug|x86.ActiveCfg = Debug|Any CPU
		{2A64B46A-E857-453C-A14E-35EF225247D1}.Release|Any CPU.ActiveCfg = Release|Any CPU
		{2A64B46A-E857-453C-A14E-35EF225247D1}.Release|Any CPU.Build.0 = Release|Any CPU
		{2A64B46A-E857-453C-A14E-35EF225247D1}.Release|Mixed Platforms.ActiveCfg = Release|Any CPU
		{2A64B46A-E857-453C-A14E-35EF225247D1}.Release|Mixed Platforms.Build.0 = Release|Any CPU
		{2A64B46A-E857-453C-A14E-35EF225247D1}.Release|x86.ActiveCfg = Release|Any CPU
	EndGlobalSection
	GlobalSection(SolutionProperties) = preSolution
		HideSolutionNode = FALSE
	EndGlobalSection
	GlobalSection(TeamFoundationVersionControl) = preSolution
		SccNumberOfProjects = 9
		SccEnterpriseProvider = {4CA58AB2-18FA-4F8D-95D4-32DDF27D184C}
		SccTeamFoundationServer = http://10.91.216.220:8080/tfs/badgingcollection
		SccLocalPath0 = .
		SccProjectUniqueName1 = ..\\AirportIQ.Data.SqlServer\\AirportIQ.Data.SqlServer.csproj
		SccProjectName1 = ../AirportIQ.Data.SqlServer
		SccLocalPath1 = ..\\AirportIQ.Data.SqlServer
		SccProjectUniqueName2 = ..\\AirportIQ.Data\\AirportIQ.Data.csproj
		SccProjectName2 = ../AirportIQ.Data
		SccLocalPath2 = ..\\AirportIQ.Data
		SccProjectUniqueName3 = ..\\AirportIQ.Domain\\AirportIQ.Domain.csproj
		SccProjectName3 = ../AirportIQ.Domain
		SccLocalPath3 = ..\\AirportIQ.Domain
		SccProjectUniqueName4 = ..\\AirportIQ.IWS.Service.API\\AirportIQ.IWS.Service.API.csproj
		SccProjectName4 = ../AirportIQ.IWS.Service.API
		SccLocalPath4 = ..\\AirportIQ.IWS.Service.API
		SccProjectUniqueName5 = AirportIQ.IWS.Service.Web\\AirportIQ.IWS.Service.Web.csproj
		SccProjectName5 = AirportIQ.IWS.Service.Web
		SccLocalPath5 = AirportIQ.IWS.Service.Web
		SccProjectUniqueName6 = AirportIQ.IWS.TestForm\\AirportIQ.IWS.TestForm.csproj
		SccProjectName6 = AirportIQ.IWS.TestForm
		SccLocalPath6 = AirportIQ.IWS.TestForm
		SccProjectUniqueName7 = ..\\AirportIQ.Model\\AirportIQ.Model.csproj
		SccProjectName7 = ../AirportIQ.Model
		SccLocalPath7 = ..\\AirportIQ.Model
		SccProjectUniqueName8 = ..\\Misc\\ISBWrapper\\ISBWrapper.csproj
		SccProjectName8 = ../Misc/ISBWrapper
		SccLocalPath8 = ..\\Misc\\ISBWrapper
	EndGlobalSection
	GlobalSection(TestCaseManagementSettings) = postSolution
		CategoryFile = AirportIQ.IWS.Service.Web.vsmdi
	EndGlobalSection
EndGlobal
